
Microsoft Visual Studio Solution File, Format Version 12.00
# Visual Studio 15
VisualStudioVersion = 15.0.28010.2036
MinimumVisualStudioVersion = 10.0.40219.1
Project("{FAE04EC0-301F-11D3-BF4B-00C04F79EFBC}") = "CachedQuickLz", "CachedQuickLz\CachedQuickLz.csproj", "{CA233F8E-CA00-4A28-8559-302C53E566D4}"
EndProject
Project("{FAE04EC0-301F-11D3-BF4B-00C04F79EFBC}") = "CachedQuickLzTests", "CachedQuickLzTests\CachedQuickLzTests.csproj", "{37E3F8E5-0B2E-4B63-9674-D2599F1D791C}"
EndProject
Project("{2150E333-8FDC-42A3-9474-1A3956D46DE8}") = "Solution Items", "Solution Items", "{22C31B61-7E51-423F-8367-F52CBD8BB333}"
	ProjectSection(SolutionItems) = preProject
		.editorconfig = .editorconfig
		appveyor.yml = appveyor.yml
		CachedQuickLz\CachedQuickLz.nuspec = CachedQuickLz\CachedQuickLz.nuspec
		README.md = README.md
	EndProjectSection
EndProject
Global
	GlobalSection(SolutionConfigurationPlatforms) = preSolution
		Debug|Any CPU = Debug|Any CPU
		Release|Any CPU = Release|Any CPU
	EndGlobalSection
	GlobalSection(ProjectConfigurationPlatforms) = postSolution
		{CA233F8E-CA00-4A28-8559-302C53E566D4}.Debug|Any CPU.ActiveCfg = Debug|Any CPU
		{CA233F8E-CA00-4A28-8559-302C53E566D4}.Debug|Any CPU.Build.0 = Debug|Any CPU
		{CA233F8E-CA00-4A28-8559-302C53E566D4}.Release|Any CPU.ActiveCfg = Release|Any CPU
		{CA233F8E-CA00-4A28-8559-302C53E566D4}.Release|Any CPU.Build.0 = Release|Any CPU
		{37E3F8E5-0B2E-4B63-9674-D2599F1D791C}.Debug|Any CPU.ActiveCfg = Debug|Any CPU
		{37E3F8E5-0B2E-4B63-9674-D2599F1D791C}.Debug|Any CPU.Build.0 = Debug|Any CPU
		{37E3F8E5-0B2E-4B63-9674-D2599F1D791C}.Release|Any CPU.ActiveCfg = Debug|Any CPU
	EndGlobalSection
	GlobalSection(SolutionProperties) = preSolution
		HideSolutionNode = FALSE
	EndGlobalSection
	GlobalSection(ExtensibilityGlobals) = postSolution
		SolutionGuid = {553E1126-890B-4BFF-8778-7E9471020364}
	EndGlobalSection
EndGlobal
